// !$*UTF8*$!
{
	archiveVersion = 1;
	classes = {
	};
	objectVersion = 50;
	objects = {

/* Begin PBXBuildFile section */
		018BB92224818DDB000AB86D /* AppDelegate.swift in Sources */ = {isa = PBXBuildFile; fileRef = 018BB92124818DDB000AB86D /* AppDelegate.swift */; };
		018BB92724818DDC000AB86D /* Main.storyboard in Resources */ = {isa = PBXBuildFile; fileRef = 018BB92524818DDC000AB86D /* Main.storyboard */; };
		018BB92924818DFD000AB86D /* Assets.xcassets in Resources */ = {isa = PBXBuildFile; fileRef = 018BB92824818DFD000AB86D /* Assets.xcassets */; };
		018BB92C24818DFD000AB86D /* LaunchScreen.storyboard in Resources */ = {isa = PBXBuildFile; fileRef = 018BB92A24818DFD000AB86D /* LaunchScreen.storyboard */; };
		018BB93424819066000AB86D /* TasksController.swift in Sources */ = {isa = PBXBuildFile; fileRef = 018BB93324819066000AB86D /* TasksController.swift */; };
		018BB9362481A49D000AB86D /* Task.swift in Sources */ = {isa = PBXBuildFile; fileRef = 018BB9352481A49D000AB86D /* Task.swift */; };
		018BB9382481A68E000AB86D /* TaskStore.swift in Sources */ = {isa = PBXBuildFile; fileRef = 018BB9372481A68D000AB86D /* TaskStore.swift */; };
		AE77733924847E75005D1C89 /* TasksUtility.swift in Sources */ = {isa = PBXBuildFile; fileRef = AE77733824847E75005D1C89 /* TasksUtility.swift */; };
/* End PBXBuildFile section */

/* Begin PBXFileReference section */
		018BB91E24818DDA000AB86D /* iDo.app */ = {isa = PBXFileReference; explicitFileType = wrapper.application; includeInIndex = 0; path = iDo.app; sourceTree = BUILT_PRODUCTS_DIR; };
		018BB92124818DDB000AB86D /* AppDelegate.swift */ = {isa = PBXFileReference; lastKnownFileType = sourcecode.swift; path = AppDelegate.swift; sourceTree = "<group>"; };
		018BB92624818DDC000AB86D /* Base */ = {isa = PBXFileReference; lastKnownFileType = file.storyboard; name = Base; path = Base.lproj/Main.storyboard; sourceTree = "<group>"; };
		018BB92824818DFD000AB86D /* Assets.xcassets */ = {isa = PBXFileReference; lastKnownFileType = folder.assetcatalog; path = Assets.xcassets; sourceTree = "<group>"; };
		018BB92B24818DFD000AB86D /* Base */ = {isa = PBXFileReference; lastKnownFileType = file.storyboard; name = Base; path = Base.lproj/LaunchScreen.storyboard; sourceTree = "<group>"; };
		018BB92D24818DFD000AB86D /* Info.plist */ = {isa = PBXFileReference; lastKnownFileType = text.plist.xml; path = Info.plist; sourceTree = "<group>"; };
		018BB93324819066000AB86D /* TasksController.swift */ = {isa = PBXFileReference; lastKnownFileType = sourcecode.swift; path = TasksController.swift; sourceTree = "<group>"; };
		018BB9352481A49D000AB86D /* Task.swift */ = {isa = PBXFileReference; lastKnownFileType = sourcecode.swift; path = Task.swift; sourceTree = "<group>"; };
		018BB9372481A68D000AB86D /* TaskStore.swift */ = {isa = PBXFileReference; lastKnownFileType = sourcecode.swift; path = TaskStore.swift; sourceTree = "<group>"; };
		AE77733824847E75005D1C89 /* TasksUtility.swift */ = {isa = PBXFileReference; lastKnownFileType = sourcecode.swift; path = TasksUtility.swift; sourceTree = "<group>"; };
/* End PBXFileReference section */

/* Begin PBXFrameworksBuildPhase section */
		018BB91B24818DDA000AB86D /* Frameworks */ = {
			isa = PBXFrameworksBuildPhase;
			buildActionMask = 2147483647;
			files = (
			);
			runOnlyForDeploymentPostprocessing = 0;
		};
/* End PBXFrameworksBuildPhase section */

/* Begin PBXGroup section */
		018BB91524818DD8000AB86D = {
			isa = PBXGroup;
			children = (
				018BB92024818DDA000AB86D /* iDo */,
				018BB91F24818DDA000AB86D /* Products */,
			);
			sourceTree = "<group>";
		};
		018BB91F24818DDA000AB86D /* Products */ = {
			isa = PBXGroup;
			children = (
				018BB91E24818DDA000AB86D /* iDo.app */,
			);
			name = Products;
			sourceTree = "<group>";
		};
		018BB92024818DDA000AB86D /* iDo */ = {
			isa = PBXGroup;
			children = (
				018BB92D24818DFD000AB86D /* Info.plist */,
				AE77733324847C42005D1C89 /* Model */,
				AE77733424847C5F005D1C89 /* View */,
				AE77733524847C67005D1C89 /* Controller */,
				AE77733624847CEF005D1C89 /* Helper */,
				AE77733724847D03005D1C89 /* System */,
			);
			path = iDo;
			sourceTree = "<group>";
		};
		AE77733324847C42005D1C89 /* Model */ = {
			isa = PBXGroup;
			children = (
				018BB9352481A49D000AB86D /* Task.swift */,
			);
			path = Model;
			sourceTree = "<group>";
		};
		AE77733424847C5F005D1C89 /* View */ = {
			isa = PBXGroup;
			children = (
				018BB92524818DDC000AB86D /* Main.storyboard */,
			);
			path = View;
			sourceTree = "<group>";
		};
		AE77733524847C67005D1C89 /* Controller */ = {
			isa = PBXGroup;
			children = (
				018BB93324819066000AB86D /* TasksController.swift */,
			);
			path = Controller;
			sourceTree = "<group>";
		};
		AE77733624847CEF005D1C89 /* Helper */ = {
			isa = PBXGroup;
			children = (
				018BB9372481A68D000AB86D /* TaskStore.swift */,
				AE77733824847E75005D1C89 /* TasksUtility.swift */,
			);
			path = Helper;
			sourceTree = "<group>";
		};
		AE77733724847D03005D1C89 /* System */ = {
			isa = PBXGroup;
			children = (
				018BB92124818DDB000AB86D /* AppDelegate.swift */,
				018BB92824818DFD000AB86D /* Assets.xcassets */,
				018BB92A24818DFD000AB86D /* LaunchScreen.storyboard */,
			);
			path = System;
			sourceTree = "<group>";
		};
/* End PBXGroup section */

/* Begin PBXNativeTarget section */
		018BB91D24818DDA000AB86D /* iDo */ = {
			isa = PBXNativeTarget;
			buildConfigurationList = 018BB93024818DFE000AB86D /* Build configuration list for PBXNativeTarget "iDo" */;
			buildPhases = (
				018BB91A24818DDA000AB86D /* Sources */,
				018BB91B24818DDA000AB86D /* Frameworks */,
				018BB91C24818DDA000AB86D /* Resources */,
			);
			buildRules = (
			);
			dependencies = (
			);
			name = iDo;
			productName = iDo;
			productReference = 018BB91E24818DDA000AB86D /* iDo.app */;
			productType = "com.apple.product-type.application";
		};
/* End PBXNativeTarget section */

/* Begin PBXProject section */
		018BB91624818DD9000AB86D /* Project object */ = {
			isa = PBXProject;
			attributes = {
				LastSwiftUpdateCheck = 1030;
				LastUpgradeCheck = 1030;
				ORGANIZATIONNAME = "Beatriz Novais";
				TargetAttributes = {
					018BB91D24818DDA000AB86D = {
						CreatedOnToolsVersion = 10.3;
					};
				};
			};
			buildConfigurationList = 018BB91924818DD9000AB86D /* Build configuration list for PBXProject "iDo" */;
			compatibilityVersion = "Xcode 9.3";
			developmentRegion = en;
			hasScannedForEncodings = 0;
			knownRegions = (
				en,
				Base,
			);
			mainGroup = 018BB91524818DD8000AB86D;
			productRefGroup = 018BB91F24818DDA000AB86D /* Products */;
			projectDirPath = "";
			projectRoot = "";
			targets = (
				018BB91D24818DDA000AB86D /* iDo */,
			);
		};
/* End PBXProject section */

/* Begin PBXResourcesBuildPhase section */
		018BB91C24818DDA000AB86D /* Resources */ = {
			isa = PBXResourcesBuildPhase;
			buildActionMask = 2147483647;
			files = (
				018BB92C24818DFD000AB86D /* LaunchScreen.storyboard in Resources */,
				018BB92924818DFD000AB86D /* Assets.xcassets in Resources */,
				018BB92724818DDC000AB86D /* Main.storyboard in Resources */,
			);
			runOnlyForDeploymentPostprocessing = 0;
		};
/* End PBXResourcesBuildPhase section */

/* Begin PBXSourcesBuildPhase section */
		018BB91A24818DDA000AB86D /* Sources */ = {
			isa = PBXSourcesBuildPhase;
			buildActionMask = 2147483647;
			files = (
				018BB93424819066000AB86D /* TasksController.swift in Sources */,
				018BB9362481A49D000AB86D /* Task.swift in Sources */,
				018BB9382481A68E000AB86D /* TaskStore.swift in Sources */,
				AE77733924847E75005D1C89 /* TasksUtility.swift in Sources */,
				018BB92224818DDB000AB86D /* AppDelegate.swift in Sources */,
			);
			runOnlyForDeploymentPostprocessing = 0;
		};
/* End PBXSourcesBuildPhase section */

/* Begin PBXVariantGroup section */
		018BB92524818DDC000AB86D /* Main.storyboard */ = {
			isa = PBXVariantGroup;
			children = (
				018BB92624818DDC000AB86D /* Base */,
			);
			name = Main.storyboard;
			sourceTree = "<group>";
		};
		018BB92A24818DFD000AB86D /* LaunchScreen.storyboard */ = {
			isa = PBXVariantGroup;
			children = (
				018BB92B24818DFD000AB86D /* Base */,
			);
			name = LaunchScreen.storyboard;
			sourceTree = "<group>";
		};
/* End PBXVariantGroup section */

/* Begin XCBuildConfiguration section */
		018BB92E24818DFD000AB86D /* Debug */ = {
			isa = XCBuildConfiguration;
			buildSettings = {
				ALWAYS_SEARCH_USER_PATHS = NO;
				CLANG_ANALYZER_NONNULL = YES;
				CLANG_ANALYZER_NUMBER_OBJECT_CONVERSION = YES_AGGRESSIVE;
				CLANG_CXX_LANGUAGE_STANDARD = "gnu++14";
				CLANG_CXX_LIBRARY = "libc++";
				CLANG_ENABLE_MODULES = YES;
				CLANG_ENABLE_OBJC_ARC = YES;
				CLANG_ENABLE_OBJC_WEAK = YES;
				CLANG_WARN_BLOCK_CAPTURE_AUTORELEASING = YES;
				CLANG_WARN_BOOL_CONVERSION = YES;
				CLANG_WARN_COMMA = YES;
				CLANG_WARN_CONSTANT_CONVERSION = YES;
				CLANG_WARN_DEPRECATED_OBJC_IMPLEMENTATIONS = YES;
				CLANG_WARN_DIRECT_OBJC_ISA_USAGE = YES_ERROR;
				CLANG_WARN_DOCUMENTATION_COMMENTS = YES;
				CLANG_WARN_EMPTY_BODY = YES;
				CLANG_WARN_ENUM_CONVERSION = YES;
				CLANG_WARN_INFINITE_RECURSION = YES;
				CLANG_WARN_INT_CONVERSION = YES;
				CLANG_WARN_NON_LITERAL_NULL_CONVERSION = YES;
				CLANG_WARN_OBJC_IMPLICIT_RETAIN_SELF = YES;
				CLANG_WARN_OBJC_LITERAL_CONVERSION = YES;
				CLANG_WARN_OBJC_ROOT_CLASS = YES_ERROR;
				CLANG_WARN_RANGE_LOOP_ANALYSIS = YES;
				CLANG_WARN_STRICT_PROTOTYPES = YES;
				CLANG_WARN_SUSPICIOUS_MOVE = YES;
				CLANG_WARN_UNGUARDED_AVAILABILITY = YES_AGGRESSIVE;
				CLANG_WARN_UNREACHABLE_CODE = YES;
				CLANG_WARN__DUPLICATE_METHOD_MATCH = YES;
				CODE_SIGN_IDENTITY = "iPhone Developer";
				COPY_PHASE_STRIP = NO;
				DEBUG_INFORMATION_FORMAT = dwarf;
				ENABLE_STRICT_OBJC_MSGSEND = YES;
				ENABLE_TESTABILITY = YES;
				GCC_C_LANGUAGE_STANDARD = gnu11;
				GCC_DYNAMIC_NO_PIC = NO;
				GCC_NO_COMMON_BLOCKS = YES;
				GCC_OPTIMIZATION_LEVEL = 0;
				GCC_PREPROCESSOR_DEFINITIONS = (
					"DEBUG=1",
					"$(inherited)",
				);
				GCC_WARN_64_TO_32_BIT_CONVERSION = YES;
				GCC_WARN_ABOUT_RETURN_TYPE = YES_ERROR;
				GCC_WARN_UNDECLARED_SELECTOR = YES;
				GCC_WARN_UNINITIALIZED_AUTOS = YES_AGGRESSIVE;
				GCC_WARN_UNUSED_FUNCTION = YES;
				GCC_WARN_UNUSED_VARIABLE = YES;
				IPHONEOS_DEPLOYMENT_TARGET = 12.4;
				MTL_ENABLE_DEBUG_INFO = INCLUDE_SOURCE;
				MTL_FAST_MATH = YES;
				ONLY_ACTIVE_ARCH = YES;
				SDKROOT = iphoneos;
				SWIFT_ACTIVE_COMPILATION_CONDITIONS = DEBUG;
				SWIFT_OPTIMIZATION_LEVEL = "-Onone";
			};
			name = Debug;
		};
		018BB92F24818DFE000AB86D /* Release */ = {
			isa = XCBuildConfiguration;
			buildSettings = {
				ALWAYS_SEARCH_USER_PATHS = NO;
				CLANG_ANALYZER_NONNULL = YES;
				CLANG_ANALYZER_NUMBER_OBJECT_CONVERSION = YES_AGGRESSIVE;
				CLANG_CXX_LANGUAGE_STANDARD = "gnu++14";
				CLANG_CXX_LIBRARY = "libc++";
				CLANG_ENABLE_MODULES = YES;
				CLANG_ENABLE_OBJC_ARC = YES;
				CLANG_ENABLE_OBJC_WEAK = YES;
				CLANG_WARN_BLOCK_CAPTURE_AUTORELEASING = YES;
				CLANG_WARN_BOOL_CONVERSION = YES;
				CLANG_WARN_COMMA = YES;
				CLANG_WARN_CONSTANT_CONVERSION = YES;
				CLANG_WARN_DEPRECATED_OBJC_IMPLEMENTATIONS = YES;
				CLANG_WARN_DIRECT_OBJC_ISA_USAGE = YES_ERROR;
				CLANG_WARN_DOCUMENTATION_COMMENTS = YES;
				CLANG_WARN_EMPTY_BODY = YES;
				CLANG_WARN_ENUM_CONVERSION = YES;
				CLANG_WARN_INFINITE_RECURSION = YES;
				CLANG_WARN_INT_CONVERSION = YES;
				CLANG_WARN_NON_LITERAL_NULL_CONVERSION = YES;
				CLANG_WARN_OBJC_IMPLICIT_RETAIN_SELF = YES;
				CLANG_WARN_OBJC_LITERAL_CONVERSION = YES;
				CLANG_WARN_OBJC_ROOT_CLASS = YES_ERROR;
				CLANG_WARN_RANGE_LOOP_ANALYSIS = YES;
				CLANG_WARN_STRICT_PROTOTYPES = YES;
				CLANG_WARN_SUSPICIOUS_MOVE = YES;
				CLANG_WARN_UNGUARDED_AVAILABILITY = YES_AGGRESSIVE;
				CLANG_WARN_UNREACHABLE_CODE = YES;
				CLANG_WARN__DUPLICATE_METHOD_MATCH = YES;
				CODE_SIGN_IDENTITY = "iPhone Developer";
				COPY_PHASE_STRIP = NO;
				DEBUG_INFORMATION_FORMAT = "dwarf-with-dsym";
				ENABLE_NS_ASSERTIONS = NO;
				ENABLE_STRICT_OBJC_MSGSEND = YES;
				GCC_C_LANGUAGE_STANDARD = gnu11;
				GCC_NO_COMMON_BLOCKS = YES;
				GCC_WARN_64_TO_32_BIT_CONVERSION = YES;
				GCC_WARN_ABOUT_RETURN_TYPE = YES_ERROR;
				GCC_WARN_UNDECLARED_SELECTOR = YES;
				GCC_WARN_UNINITIALIZED_AUTOS = YES_AGGRESSIVE;
				GCC_WARN_UNUSED_FUNCTION = YES;
				GCC_WARN_UNUSED_VARIABLE = YES;
				IPHONEOS_DEPLOYMENT_TARGET = 12.4;
				MTL_ENABLE_DEBUG_INFO = NO;
				MTL_FAST_MATH = YES;
				SDKROOT = iphoneos;
				SWIFT_COMPILATION_MODE = wholemodule;
				SWIFT_OPTIMIZATION_LEVEL = "-O";
				VALIDATE_PRODUCT = YES;
			};
			name = Release;
		};
		018BB93124818DFE000AB86D /* Debug */ = {
			isa = XCBuildConfiguration;
			buildSettings = {
				ASSETCATALOG_COMPILER_APPICON_NAME = AppIcon;
				CODE_SIGN_STYLE = Automatic;
				DEVELOPMENT_TEAM = MUT588TL57;
				INFOPLIST_FILE = iDo/Info.plist;
				LD_RUNPATH_SEARCH_PATHS = (
					"$(inherited)",
					"@executable_path/Frameworks",
				);
				PRODUCT_BUNDLE_IDENTIFIER = com.BeatrizNovais.iDo;
				PRODUCT_NAME = "$(TARGET_NAME)";
				SWIFT_VERSION = 5.0;
				TARGETED_DEVICE_FAMILY = "1,2";
			};
			name = Debug;
		};
		018BB93224818DFE000AB86D /* Release */ = {
			isa = XCBuildConfiguration;
			buildSettings = {
				ASSETCATALOG_COMPILER_APPICON_NAME = AppIcon;
				CODE_SIGN_STYLE = Automatic;
				DEVELOPMENT_TEAM = MUT588TL57;
				INFOPLIST_FILE = iDo/Info.plist;
				LD_RUNPATH_SEARCH_PATHS = (
					"$(inherited)",
					"@executable_path/Frameworks",
				);
				PRODUCT_BUNDLE_IDENTIFIER = com.BeatrizNovais.iDo;
				PRODUCT_NAME = "$(TARGET_NAME)";
				SWIFT_VERSION = 5.0;
				TARGETED_DEVICE_FAMILY = "1,2";
			};
			name = Release;
		};
/* End XCBuildConfiguration section */

/* Begin XCConfigurationList section */
		018BB91924818DD9000AB86D /* Build configuration list for PBXProject "iDo" */ = {
			isa = XCConfigurationList;
			buildConfigurations = (
				018BB92E24818DFD000AB86D /* Debug */,
				018BB92F24818DFE000AB86D /* Release */,
			);
			defaultConfigurationIsVisible = 0;
			defaultConfigurationName = Release;
		};
		018BB93024818DFE000AB86D /* Build configuration list for PBXNativeTarget "iDo" */ = {
			isa = XCConfigurationList;
			buildConfigurations = (
				018BB93124818DFE000AB86D /* Debug */,
				018BB93224818DFE000AB86D /* Release */,
			);
			defaultConfigurationIsVisible = 0;
			defaultConfigurationName = Release;
		};
/* End XCConfigurationList section */
	};
	rootObject = 018BB91624818DD9000AB86D /* Project object */;
}
